# THIS IS AN AUTOGENERATED FILE. DO NOT EDIT THIS FILE DIRECTLY.
# yarn lockfile v1


"@vant/area-data@^1.4.0":
  version "1.4.1"
  resolved "https://registry.npmmirror.com/@vant/area-data/-/area-data-1.4.1.tgz#b4f1bce05dbb147dc08fd2ed9b2a0f63d3329b29"
  integrity sha512-D8zI/rfxREhnIKGoYzsEJZ73fte4JARhFeFftLIH7ynu1sPrCBEgPkLEbwPyvw3VC4JdSIuzaK5uOhu+BcoPXw==

"@vant/weapp@^1.10.14":
  version "1.10.15"
  resolved "https://registry.npmmirror.com/@vant/weapp/-/weapp-1.10.15.tgz#7456d0156a26f92f21a59ef777acd6647498dc38"
  integrity sha512-swM4k3pVwt/6Tnijvq86paLiKE1CzbrBQ4lR7+9uRhwKOM0HS3ooK1Q4IjSEyxQ59ZFKmYYvZln77RZcnSDqmA==
